---
seed: 1
testname: smoke_test_mcu_mbox_write_user_lock
pre-exec: |
  echo "Running pre_exec for [smoke_test_mcu_mbox_write_user_lock]"
  make -f $CALIPTRA_SS_ROOT/tools/scripts/Makefile TESTNAME=smoke_test_mcu_mbox_write_user_lock BUILD_CFLAGS="-DMCU_MBOX_VALID_VECTOR=0x1" mcu_program.hex
  CALIPTRA_ROOT=$CALIPTRA_SS_ROOT/third_party/caliptra-rtl make -f $CALIPTRA_SS_ROOT/third_party/caliptra-rtl/tools/scripts/Makefile BUILD_CFLAGS="-DMCU_MBOX_VALID_VECTOR=0x1" CALIPTRA_INTERNAL_TRNG=0 AUX_HEADER_FILES=$CALIPTRA_SS_ROOT/src/integration/rtl/soc_address_map/soc_address_map.h TEST_DIR=$CALIPTRA_SS_ROOT/src/integration/test_suites/smoke_test_mcu_mbox_write_user_lock TESTNAME=cptra_smoke_test_mcu_mbox_write_user_lock program.hex
